
Microsoft Visual Studio Solution File, Format Version 12.00
# Visual Studio Version 17
VisualStudioVersion = 17.3.32929.385
MinimumVisualStudioVersion = 10.0.40219.1
Project("{FAE04EC0-301F-11D3-BF4B-00C04F79EFBC}") = "Elastic APM Config Issue", "Elastic APM Config Issue.csproj", "{8500E723-E512-4DD2-87FB-2A57A5079FD2}"
EndProject
Global
	GlobalSection(SolutionConfigurationPlatforms) = preSolution
		Debug|Any CPU = Debug|Any CPU
		Release|Any CPU = Release|Any CPU
	EndGlobalSection
	GlobalSection(ProjectConfigurationPlatforms) = postSolution
		{8500E723-E512-4DD2-87FB-2A57A5079FD2}.Debug|Any CPU.ActiveCfg = Debug|Any CPU
		{8500E723-E512-4DD2-87FB-2A57A5079FD2}.Debug|Any CPU.Build.0 = Debug|Any CPU
		{8500E723-E512-4DD2-87FB-2A57A5079FD2}.Release|Any CPU.ActiveCfg = Release|Any CPU
		{8500E723-E512-4DD2-87FB-2A57A5079FD2}.Release|Any CPU.Build.0 = Release|Any CPU
	EndGlobalSection
	GlobalSection(SolutionProperties) = preSolution
		HideSolutionNode = FALSE
	EndGlobalSection
	GlobalSection(ExtensibilityGlobals) = postSolution
		SolutionGuid = {658EE85C-B9C4-4274-9174-E89C3793A617}
	EndGlobalSection
EndGlobal
